
Microsoft Visual Studio Solution File, Format Version 12.00
# Visual Studio Version 17
VisualStudioVersion = 17.11.35312.102
MinimumVisualStudioVersion = 10.0.40219.1
Project("{FAE04EC0-301F-11D3-BF4B-00C04F79EFBC}") = "Blazor.Web", "Blazor.Web\Blazor.Web.csproj", "{125D3062-2374-4B8C-B6BC-211152BA6494}"
EndProject
Project("{9A19103F-16F7-4668-BE54-9A1E7A4F7556}") = "CustomIdeinttyAPI", "CustomIdeinttyAPI\CustomIdeinttyAPI.csproj", "{3905E977-7571-48BD-8577-33B44A7402C9}"
EndProject
Global
	GlobalSection(SolutionConfigurationPlatforms) = preSolution
		Debug|Any CPU = Debug|Any CPU
		Release|Any CPU = Release|Any CPU
	EndGlobalSection
	GlobalSection(ProjectConfigurationPlatforms) = postSolution
		{125D3062-2374-4B8C-B6BC-211152BA6494}.Debug|Any CPU.ActiveCfg = Debug|Any CPU
		{125D3062-2374-4B8C-B6BC-211152BA6494}.Debug|Any CPU.Build.0 = Debug|Any CPU
		{125D3062-2374-4B8C-B6BC-211152BA6494}.Release|Any CPU.ActiveCfg = Release|Any CPU
		{125D3062-2374-4B8C-B6BC-211152BA6494}.Release|Any CPU.Build.0 = Release|Any CPU
		{3905E977-7571-48BD-8577-33B44A7402C9}.Debug|Any CPU.ActiveCfg = Debug|Any CPU
		{3905E977-7571-48BD-8577-33B44A7402C9}.Debug|Any CPU.Build.0 = Debug|Any CPU
		{3905E977-7571-48BD-8577-33B44A7402C9}.Release|Any CPU.ActiveCfg = Release|Any CPU
		{3905E977-7571-48BD-8577-33B44A7402C9}.Release|Any CPU.Build.0 = Release|Any CPU
	EndGlobalSection
	GlobalSection(SolutionProperties) = preSolution
		HideSolutionNode = FALSE
	EndGlobalSection
	GlobalSection(ExtensibilityGlobals) = postSolution
		SolutionGuid = {9342E411-7F33-4A50-A3F6-10C5E57CDCCB}
	EndGlobalSection
EndGlobal
